
Microsoft Visual Studio Solution File, Format Version 12.00
# Visual Studio Version 17
VisualStudioVersion = 17.9.34728.123
MinimumVisualStudioVersion = 10.0.40219.1
Project("{FAE04EC0-301F-11D3-BF4B-00C04F79EFBC}") = "projeto profider - mf dev back end", "projeto profider - mf dev back end\projeto profider - mf dev back end.csproj", "{874BDD16-9367-46F9-95F2-A0D4261A9DCD}"
EndProject
Global
	GlobalSection(SolutionConfigurationPlatforms) = preSolution
		Debug|Any CPU = Debug|Any CPU
		Release|Any CPU = Release|Any CPU
	EndGlobalSection
	GlobalSection(ProjectConfigurationPlatforms) = postSolution
		{874BDD16-9367-46F9-95F2-A0D4261A9DCD}.Debug|Any CPU.ActiveCfg = Debug|Any CPU
		{874BDD16-9367-46F9-95F2-A0D4261A9DCD}.Debug|Any CPU.Build.0 = Debug|Any CPU
		{874BDD16-9367-46F9-95F2-A0D4261A9DCD}.Release|Any CPU.ActiveCfg = Release|Any CPU
		{874BDD16-9367-46F9-95F2-A0D4261A9DCD}.Release|Any CPU.Build.0 = Release|Any CPU
	EndGlobalSection
	GlobalSection(SolutionProperties) = preSolution
		HideSolutionNode = FALSE
	EndGlobalSection
	GlobalSection(ExtensibilityGlobals) = postSolution
		SolutionGuid = {2BD7A93D-7502-48D7-89D3-67B0D79EF545}
	EndGlobalSection
EndGlobal
